
Microsoft Visual Studio Solution File, Format Version 11.00
# Visual Studio 2010
Project("{FAE04EC0-301F-11D3-BF4B-00C04F79EFBC}") = "SystemMayhem", "SystemMayhem\SystemMayhem.csproj", "{5A57BB7C-C443-4AD9-9B72-C732F291A864}"
EndProject
Global
	GlobalSection(SolutionConfigurationPlatforms) = preSolution
		Debug|Any CPU = Debug|Any CPU
		Release|Any CPU = Release|Any CPU
	EndGlobalSection
	GlobalSection(ProjectConfigurationPlatforms) = postSolution
		{5A57BB7C-C443-4AD9-9B72-C732F291A864}.Debug|Any CPU.ActiveCfg = Debug|Any CPU
		{5A57BB7C-C443-4AD9-9B72-C732F291A864}.Debug|Any CPU.Build.0 = Debug|Any CPU
		{5A57BB7C-C443-4AD9-9B72-C732F291A864}.Release|Any CPU.ActiveCfg = Release|Any CPU
		{5A57BB7C-C443-4AD9-9B72-C732F291A864}.Release|Any CPU.Build.0 = Release|Any CPU
	EndGlobalSection
	GlobalSection(SolutionProperties) = preSolution
		HideSolutionNode = FALSE
	EndGlobalSection
EndGlobal
